
Microsoft Visual Studio Solution File, Format Version 12.00
# Visual Studio Version 17
VisualStudioVersion = 17.10.35122.118
MinimumVisualStudioVersion = 10.0.40219.1
Project("{9A19103F-16F7-4668-BE54-9A1E7A4F7556}") = "IracingSdkDotNet.Core", "src\IracingSdkDotNet.Core\IracingSdkDotNet.Core.csproj", "{588051D9-8855-4C55-8B58-E71C1F9A27DB}"
EndProject
Project("{9A19103F-16F7-4668-BE54-9A1E7A4F7556}") = "IracingSdkDotNet.ConsoleTest", "tests\IracingSdkDotNet.ConsoleTest\IracingSdkDotNet.ConsoleTest.csproj", "{9056E20A-CD7D-4A0D-A964-F2C1B97DAD68}"
EndProject
Project("{2150E333-8FDC-42A3-9474-1A3956D46DE8}") = "src", "src", "{1DBEAB86-B4EE-4A09-B67D-3EF258427947}"
EndProject
Project("{2150E333-8FDC-42A3-9474-1A3956D46DE8}") = "tests", "tests", "{A0290058-5F3C-4D09-BBBB-4BDC3B466AA6}"
EndProject
Project("{9A19103F-16F7-4668-BE54-9A1E7A4F7556}") = "IracingSdkDotNet.Serialization", "src\IracingSdkDotNet.Serialization\IracingSdkDotNet.Serialization.csproj", "{2FDBFB52-CF36-447E-8E4D-F62858E6E487}"
EndProject
Global
	GlobalSection(SolutionConfigurationPlatforms) = preSolution
		Debug|Any CPU = Debug|Any CPU
		Release|Any CPU = Release|Any CPU
	EndGlobalSection
	GlobalSection(ProjectConfigurationPlatforms) = postSolution
		{588051D9-8855-4C55-8B58-E71C1F9A27DB}.Debug|Any CPU.ActiveCfg = Debug|Any CPU
		{588051D9-8855-4C55-8B58-E71C1F9A27DB}.Debug|Any CPU.Build.0 = Debug|Any CPU
		{588051D9-8855-4C55-8B58-E71C1F9A27DB}.Release|Any CPU.ActiveCfg = Release|Any CPU
		{588051D9-8855-4C55-8B58-E71C1F9A27DB}.Release|Any CPU.Build.0 = Release|Any CPU
		{9056E20A-CD7D-4A0D-A964-F2C1B97DAD68}.Debug|Any CPU.ActiveCfg = Debug|Any CPU
		{9056E20A-CD7D-4A0D-A964-F2C1B97DAD68}.Debug|Any CPU.Build.0 = Debug|Any CPU
		{9056E20A-CD7D-4A0D-A964-F2C1B97DAD68}.Release|Any CPU.ActiveCfg = Release|Any CPU
		{9056E20A-CD7D-4A0D-A964-F2C1B97DAD68}.Release|Any CPU.Build.0 = Release|Any CPU
		{2FDBFB52-CF36-447E-8E4D-F62858E6E487}.Debug|Any CPU.ActiveCfg = Debug|Any CPU
		{2FDBFB52-CF36-447E-8E4D-F62858E6E487}.Debug|Any CPU.Build.0 = Debug|Any CPU
		{2FDBFB52-CF36-447E-8E4D-F62858E6E487}.Release|Any CPU.ActiveCfg = Release|Any CPU
		{2FDBFB52-CF36-447E-8E4D-F62858E6E487}.Release|Any CPU.Build.0 = Release|Any CPU
	EndGlobalSection
	GlobalSection(SolutionProperties) = preSolution
		HideSolutionNode = FALSE
	EndGlobalSection
	GlobalSection(NestedProjects) = preSolution
		{588051D9-8855-4C55-8B58-E71C1F9A27DB} = {1DBEAB86-B4EE-4A09-B67D-3EF258427947}
		{9056E20A-CD7D-4A0D-A964-F2C1B97DAD68} = {A0290058-5F3C-4D09-BBBB-4BDC3B466AA6}
		{2FDBFB52-CF36-447E-8E4D-F62858E6E487} = {1DBEAB86-B4EE-4A09-B67D-3EF258427947}
	EndGlobalSection
	GlobalSection(ExtensibilityGlobals) = postSolution
		SolutionGuid = {3BC479A1-AF2C-43C0-A39D-C8EB30B840AC}
	EndGlobalSection
EndGlobal
